
Microsoft Visual Studio Solution File, Format Version 12.00
# Visual Studio Version 17
VisualStudioVersion = 17.5.33530.505
MinimumVisualStudioVersion = 10.0.40219.1
Project("{FAE04EC0-301F-11D3-BF4B-00C04F79EFBC}") = "EJERCICIO3", "EJERCICIO3\EJERCICIO3.csproj", "{66D151DA-080E-4891-A0A3-0FAD702DFBDB}"
EndProject
Global
	GlobalSection(SolutionConfigurationPlatforms) = preSolution
		Debug|Any CPU = Debug|Any CPU
		Release|Any CPU = Release|Any CPU
	EndGlobalSection
	GlobalSection(ProjectConfigurationPlatforms) = postSolution
		{66D151DA-080E-4891-A0A3-0FAD702DFBDB}.Debug|Any CPU.ActiveCfg = Debug|Any CPU
		{66D151DA-080E-4891-A0A3-0FAD702DFBDB}.Debug|Any CPU.Build.0 = Debug|Any CPU
		{66D151DA-080E-4891-A0A3-0FAD702DFBDB}.Release|Any CPU.ActiveCfg = Release|Any CPU
		{66D151DA-080E-4891-A0A3-0FAD702DFBDB}.Release|Any CPU.Build.0 = Release|Any CPU
	EndGlobalSection
	GlobalSection(SolutionProperties) = preSolution
		HideSolutionNode = FALSE
	EndGlobalSection
	GlobalSection(ExtensibilityGlobals) = postSolution
		SolutionGuid = {3F65A255-56D3-4DD4-B1D9-F30BBCCF021B}
	EndGlobalSection
EndGlobal
